
Microsoft Visual Studio Solution File, Format Version 12.00
# Visual Studio Version 17
VisualStudioVersion = 17.9.34622.214
MinimumVisualStudioVersion = 10.0.40219.1
Project("{FAE04EC0-301F-11D3-BF4B-00C04F79EFBC}") = "CarsDeal", "CarsDeal\CarsDeal.csproj", "{DD8A0427-F1CD-42BA-89A1-B46690BB097E}"
EndProject
Global
	GlobalSection(SolutionConfigurationPlatforms) = preSolution
		Debug|Any CPU = Debug|Any CPU
		Release|Any CPU = Release|Any CPU
	EndGlobalSection
	GlobalSection(ProjectConfigurationPlatforms) = postSolution
		{DD8A0427-F1CD-42BA-89A1-B46690BB097E}.Debug|Any CPU.ActiveCfg = Debug|Any CPU
		{DD8A0427-F1CD-42BA-89A1-B46690BB097E}.Debug|Any CPU.Build.0 = Debug|Any CPU
		{DD8A0427-F1CD-42BA-89A1-B46690BB097E}.Release|Any CPU.ActiveCfg = Release|Any CPU
		{DD8A0427-F1CD-42BA-89A1-B46690BB097E}.Release|Any CPU.Build.0 = Release|Any CPU
	EndGlobalSection
	GlobalSection(SolutionProperties) = preSolution
		HideSolutionNode = FALSE
	EndGlobalSection
	GlobalSection(ExtensibilityGlobals) = postSolution
		SolutionGuid = {88F82846-7085-497A-A977-74AA95A4A5D6}
	EndGlobalSection
EndGlobal
